<?xml version="1.0" encoding="utf-8"?>
<Project ToolsVersion="4.0" xmlns="http://schemas.microsoft.com/developer/msbuild/2003">
  <ItemGroup>
    <ClCompile Include="Shooting_Game.cpp" />
    <ClCompile Include="MainGame.cpp">
      <Filter>00.MainGame</Filter>
    </ClCompile>
    <ClCompile Include="Obj.cpp">
      <Filter>01.Obj</Filter>
    </ClCompile>
    <ClCompile Include="stdafx.cpp">
      <Filter>99.Default</Filter>
    </ClCompile>
    <ClCompile Include="Player.cpp">
      <Filter>01.Obj\Player</Filter>
    </ClCompile>
    <ClCompile Include="Shield.cpp">
      <Filter>01.Obj\Player\Shield</Filter>
    </ClCompile>
    <ClCompile Include="ObjMgr.cpp">
      <Filter>98.Manager\ObjMgr</Filter>
    </ClCompile>
    <ClCompile Include="CollisionMgr.cpp">
      <Filter>98.Manager\CollisionMgr</Filter>
    </ClCompile>
    <ClCompile Include="KeyMgr.cpp">
      <Filter>98.Manager\KeyMgr</Filter>
    </ClCompile>
    <ClCompile Include="ScrollMgr.cpp">
      <Filter>98.Manager\ScrollMgr</Filter>
    </ClCompile>
    <ClCompile Include="MonsterBullet.cpp">
      <Filter>01.Obj\Bullet</Filter>
    </ClCompile>
    <ClCompile Include="Bullet.cpp">
      <Filter>01.Obj\Bullet</Filter>
    </ClCompile>
    <ClCompile Include="StageMgr.cpp">
      <Filter>98.Manager\StageMgr</Filter>
    </ClCompile>
    <ClCompile Include="DeadEffect.cpp">
      <Filter>01.Obj\Effect</Filter>
    </ClCompile>
    <ClCompile Include="ZigZag.cpp">
      <Filter>01.Obj\Monster\ZigZag</Filter>
    </ClCompile>
    <ClCompile Include="Circle_Monster.cpp">
      <Filter>01.Obj\Monster\Circle_Monster</Filter>
    </ClCompile>
    <ClCompile Include="Butterfly.cpp">
      <Filter>01.Obj\Monster\Butterfly</Filter>
    </ClCompile>
    <ClCompile Include="Monster.cpp">
      <Filter>01.Obj\Monster\Monster</Filter>
    </ClCompile>
  </ItemGroup>
  <ItemGroup>
    <ClInclude Include="MainGame.h">
      <Filter>00.MainGame</Filter>
    </ClInclude>
    <ClInclude Include="Obj.h">
      <Filter>01.Obj</Filter>
    </ClInclude>
    <ClInclude Include="targetver.h">
      <Filter>99.Default</Filter>
    </ClInclude>
    <ClInclude Include="Resource.h">
      <Filter>99.Default</Filter>
    </ClInclude>
    <ClInclude Include="Shooting_Game.h" />
    <ClInclude Include="AbstractFactory.h">
      <Filter>97.Headers</Filter>
    </ClInclude>
    <ClInclude Include="Define.h">
      <Filter>97.Headers</Filter>
    </ClInclude>
    <ClInclude Include="Enum.h">
      <Filter>97.Headers</Filter>
    </ClInclude>
    <ClInclude Include="Extern.h">
      <Filter>97.Headers</Filter>
    </ClInclude>
    <ClInclude Include="Function.h">
      <Filter>97.Headers</Filter>
    </ClInclude>
    <ClInclude Include="Include.h">
      <Filter>97.Headers</Filter>
    </ClInclude>
    <ClInclude Include="stdafx.h">
      <Filter>97.Headers</Filter>
    </ClInclude>
    <ClInclude Include="Struct.h">
      <Filter>97.Headers</Filter>
    </ClInclude>
    <ClInclude Include="Player.h">
      <Filter>01.Obj\Player</Filter>
    </ClInclude>
    <ClInclude Include="Shield.h">
      <Filter>01.Obj\Player\Shield</Filter>
    </ClInclude>
    <ClInclude Include="ObjMgr.h">
      <Filter>98.Manager\ObjMgr</Filter>
    </ClInclude>
    <ClInclude Include="CollisionMgr.h">
      <Filter>98.Manager\CollisionMgr</Filter>
    </ClInclude>
    <ClInclude Include="KeyMgr.h">
      <Filter>98.Manager\KeyMgr</Filter>
    </ClInclude>
    <ClInclude Include="ScrollMgr.h">
      <Filter>98.Manager\ScrollMgr</Filter>
    </ClInclude>
    <ClInclude Include="MonsterBullet.h">
      <Filter>01.Obj\Bullet</Filter>
    </ClInclude>
    <ClInclude Include="Bullet.h">
      <Filter>01.Obj\Bullet</Filter>
    </ClInclude>
    <ClInclude Include="StageMgr.h">
      <Filter>98.Manager\StageMgr</Filter>
    </ClInclude>
    <ClInclude Include="DeadEffect.h">
      <Filter>01.Obj\Effect</Filter>
    </ClInclude>
    <ClInclude Include="ZigZag.h">
      <Filter>01.Obj\Monster\ZigZag</Filter>
    </ClInclude>
    <ClInclude Include="Circle_Monster.h">
      <Filter>01.Obj\Monster\Circle_Monster</Filter>
    </ClInclude>
    <ClInclude Include="Butterfly.h">
      <Filter>01.Obj\Monster\Butterfly</Filter>
    </ClInclude>
    <ClInclude Include="Monster.h">
      <Filter>01.Obj\Monster\Monster</Filter>
    </ClInclude>
  </ItemGroup>
  <ItemGroup>
    <Image Include="Shooting_Game.ico">
      <Filter>99.Default</Filter>
    </Image>
    <Image Include="small.ico">
      <Filter>99.Default</Filter>
    </Image>
  </ItemGroup>
  <ItemGroup>
    <Filter Include="00.MainGame">
      <UniqueIdentifier>{bf0eada0-29a1-4504-9d6f-3b163212b661}</UniqueIdentifier>
    </Filter>
    <Filter Include="01.Obj">
      <UniqueIdentifier>{cea892af-97ee-492d-95fa-641725ad99bb}</UniqueIdentifier>
    </Filter>
    <Filter Include="99.Default">
      <UniqueIdentifier>{94e31e3f-70d6-4336-8091-d41f9b0b8221}</UniqueIdentifier>
    </Filter>
    <Filter Include="98.Manager">
      <UniqueIdentifier>{351db402-39a8-460a-a2f7-bfd5f137883a}</UniqueIdentifier>
    </Filter>
    <Filter Include="97.Headers">
      <UniqueIdentifier>{4002b2df-25f9-4d8d-92e9-cf62ae51361d}</UniqueIdentifier>
    </Filter>
    <Filter Include="01.Obj\Player">
      <UniqueIdentifier>{742e4775-0031-485b-a5e5-dcd508a0e597}</UniqueIdentifier>
    </Filter>
    <Filter Include="01.Obj\Monster">
      <UniqueIdentifier>{4fbc7f4a-4700-4625-ba8e-d12db38d129e}</UniqueIdentifier>
    </Filter>
    <Filter Include="01.Obj\Bullet">
      <UniqueIdentifier>{8ba351da-8ac5-4a8d-b029-ca094a0ec0c8}</UniqueIdentifier>
    </Filter>
    <Filter Include="98.Manager\ObjMgr">
      <UniqueIdentifier>{133d39a6-7662-40e3-bba4-883f2a3360ca}</UniqueIdentifier>
    </Filter>
    <Filter Include="98.Manager\CollisionMgr">
      <UniqueIdentifier>{f1a8ece2-d361-4831-8735-211330985252}</UniqueIdentifier>
    </Filter>
    <Filter Include="98.Manager\KeyMgr">
      <UniqueIdentifier>{70863f71-612e-4209-bb7d-fa80cb151248}</UniqueIdentifier>
    </Filter>
    <Filter Include="98.Manager\ScrollMgr">
      <UniqueIdentifier>{da373b6f-ab0f-4ad7-9135-bc19b89e542a}</UniqueIdentifier>
    </Filter>
    <Filter Include="98.Manager\StageMgr">
      <UniqueIdentifier>{4cffb54e-6fce-4639-bb28-d64e23908521}</UniqueIdentifier>
    </Filter>
    <Filter Include="01.Obj\Player\Shield">
      <UniqueIdentifier>{b1211d51-e275-4fcb-8af1-4b8b59cfa925}</UniqueIdentifier>
    </Filter>
    <Filter Include="01.Obj\Effect">
      <UniqueIdentifier>{33301309-7708-4601-a9bc-3a4916b22825}</UniqueIdentifier>
    </Filter>
    <Filter Include="01.Obj\Monster\ZigZag">
      <UniqueIdentifier>{a0c7ea58-5ece-4a97-9d3c-6e7f3bf3d07d}</UniqueIdentifier>
    </Filter>
    <Filter Include="01.Obj\Monster\Circle_Monster">
      <UniqueIdentifier>{5a2cd437-4b9f-4af9-b788-69c486fa47e6}</UniqueIdentifier>
    </Filter>
    <Filter Include="01.Obj\Monster\Butterfly">
      <UniqueIdentifier>{781b822f-5590-40ad-a6de-a1c48056962a}</UniqueIdentifier>
    </Filter>
    <Filter Include="01.Obj\Monster\Monster">
      <UniqueIdentifier>{cda7f070-e6b6-4b47-971d-d6959ec34912}</UniqueIdentifier>
    </Filter>
  </ItemGroup>
  <ItemGroup>
    <ResourceCompile Include="Shooting_Game.rc">
      <Filter>99.Default</Filter>
    </ResourceCompile>
  </ItemGroup>
  <ItemGroup>
    <Text Include="ReadMe.txt">
      <Filter>99.Default</Filter>
    </Text>
  </ItemGroup>
</Project>